
Microsoft Visual Studio Solution File, Format Version 12.00
# Visual Studio 15
VisualStudioVersion = 15.0.28010.2036
MinimumVisualStudioVersion = 10.0.40219.1
Project("{FAE04EC0-301F-11D3-BF4B-00C04F79EFBC}") = "AutoComplete.Core", "AutoComplete.Core\AutoComplete.Core.csproj", "{4D205DDF-E001-4C6D-8B7C-F4A7876822A1}"
EndProject
Project("{FAE04EC0-301F-11D3-BF4B-00C04F79EFBC}") = "AutoComplete.Droid", "AutoComplete.Droid\AutoComplete.Droid.csproj", "{3156012F-CA0A-4BB5-ADFD-1B303E4AE964}"
EndProject
Global
	GlobalSection(SolutionConfigurationPlatforms) = preSolution
		Debug|Any CPU = Debug|Any CPU
		Release|Any CPU = Release|Any CPU
	EndGlobalSection
	GlobalSection(ProjectConfigurationPlatforms) = postSolution
		{4D205DDF-E001-4C6D-8B7C-F4A7876822A1}.Debug|Any CPU.ActiveCfg = Debug|Any CPU
		{4D205DDF-E001-4C6D-8B7C-F4A7876822A1}.Debug|Any CPU.Build.0 = Debug|Any CPU
		{4D205DDF-E001-4C6D-8B7C-F4A7876822A1}.Release|Any CPU.ActiveCfg = Release|Any CPU
		{4D205DDF-E001-4C6D-8B7C-F4A7876822A1}.Release|Any CPU.Build.0 = Release|Any CPU
		{3156012F-CA0A-4BB5-ADFD-1B303E4AE964}.Debug|Any CPU.ActiveCfg = Debug|Any CPU
		{3156012F-CA0A-4BB5-ADFD-1B303E4AE964}.Debug|Any CPU.Build.0 = Debug|Any CPU
		{3156012F-CA0A-4BB5-ADFD-1B303E4AE964}.Debug|Any CPU.Deploy.0 = Debug|Any CPU
		{3156012F-CA0A-4BB5-ADFD-1B303E4AE964}.Release|Any CPU.ActiveCfg = Release|Any CPU
		{3156012F-CA0A-4BB5-ADFD-1B303E4AE964}.Release|Any CPU.Build.0 = Release|Any CPU
		{3156012F-CA0A-4BB5-ADFD-1B303E4AE964}.Release|Any CPU.Deploy.0 = Release|Any CPU
	EndGlobalSection
	GlobalSection(SolutionProperties) = preSolution
		HideSolutionNode = FALSE
	EndGlobalSection
	GlobalSection(ExtensibilityGlobals) = postSolution
		SolutionGuid = {AA7BCCA5-9819-44C1-B435-99D0F20E7E80}
	EndGlobalSection
EndGlobal
